// !$*UTF8*$!
{
	archiveVersion = 1;
	classes = {
	};
	objectVersion = 56;
	objects = {

/* Begin PBXBuildFile section */
		E51427EE2A0A91250069656F /* UISliderExtention.swift in Sources */ = {isa = PBXBuildFile; fileRef = E51427ED2A0A91250069656F /* UISliderExtention.swift */; };
		E51427F12A0A951D0069656F /* AppConstants.swift in Sources */ = {isa = PBXBuildFile; fileRef = E51427F02A0A951D0069656F /* AppConstants.swift */; };
		E51606972A0B6112002E654C /* Enumeration.swift in Sources */ = {isa = PBXBuildFile; fileRef = E51606962A0B6112002E654C /* Enumeration.swift */; };
		E516069B2A0B6AED002E654C /* PHPickerHelper.swift in Sources */ = {isa = PBXBuildFile; fileRef = E516069A2A0B6AED002E654C /* PHPickerHelper.swift */; };
		E516069D2A0B6DB6002E654C /* UIImageViewExtension.swift in Sources */ = {isa = PBXBuildFile; fileRef = E516069C2A0B6DB6002E654C /* UIImageViewExtension.swift */; };
		E51F0AF329F7FA37009A660F /* UILabelViewController.swift in Sources */ = {isa = PBXBuildFile; fileRef = E51F0AF229F7FA37009A660F /* UILabelViewController.swift */; };
		E52407342A12278D006353BF /* HomeScreenCell.swift in Sources */ = {isa = PBXBuildFile; fileRef = E52407332A12278D006353BF /* HomeScreenCell.swift */; };
		E526E48C2A0E648400C6E597 /* TableViewCell.swift in Sources */ = {isa = PBXBuildFile; fileRef = E526E48B2A0E648400C6E597 /* TableViewCell.swift */; };
		E52F36BF2A0E46B80022663A /* TableViewVC.swift in Sources */ = {isa = PBXBuildFile; fileRef = E52F36BE2A0E46B80022663A /* TableViewVC.swift */; };
		E531EE042A0513B8007F6A8E /* SwitchVC.swift in Sources */ = {isa = PBXBuildFile; fileRef = E531EE032A0513B8007F6A8E /* SwitchVC.swift */; };
		E531EE062A052F78007F6A8E /* UIPageControlVC.swift in Sources */ = {isa = PBXBuildFile; fileRef = E531EE052A052F78007F6A8E /* UIPageControlVC.swift */; };
		E531EE0C2A055A49007F6A8E /* ExtendFunctionsVC.swift in Sources */ = {isa = PBXBuildFile; fileRef = E531EE0B2A055A49007F6A8E /* ExtendFunctionsVC.swift */; };
		E532840829F7EA77005F8AF1 /* AppDelegate.swift in Sources */ = {isa = PBXBuildFile; fileRef = E532840729F7EA77005F8AF1 /* AppDelegate.swift */; };
		E532840A29F7EA77005F8AF1 /* SceneDelegate.swift in Sources */ = {isa = PBXBuildFile; fileRef = E532840929F7EA77005F8AF1 /* SceneDelegate.swift */; };
		E532840C29F7EA77005F8AF1 /* ViewController.swift in Sources */ = {isa = PBXBuildFile; fileRef = E532840B29F7EA77005F8AF1 /* ViewController.swift */; };
		E532840F29F7EA77005F8AF1 /* Main.storyboard in Resources */ = {isa = PBXBuildFile; fileRef = E532840D29F7EA77005F8AF1 /* Main.storyboard */; };
		E532841129F7EA79005F8AF1 /* Assets.xcassets in Resources */ = {isa = PBXBuildFile; fileRef = E532841029F7EA79005F8AF1 /* Assets.xcassets */; };
		E532841429F7EA79005F8AF1 /* LaunchScreen.storyboard in Resources */ = {isa = PBXBuildFile; fileRef = E532841229F7EA79005F8AF1 /* LaunchScreen.storyboard */; };
		E532843929F7EE8C005F8AF1 /* UIButtons.storyboard in Resources */ = {isa = PBXBuildFile; fileRef = E532843829F7EE8C005F8AF1 /* UIButtons.storyboard */; };
		E532843B29F7EEBA005F8AF1 /* UIButtonViewController.swift in Sources */ = {isa = PBXBuildFile; fileRef = E532843A29F7EEBA005F8AF1 /* UIButtonViewController.swift */; };
		E5454DB22A0921AF00A84098 /* CustomButton.swift in Sources */ = {isa = PBXBuildFile; fileRef = E5454DB12A0921AF00A84098 /* CustomButton.swift */; };
		E557181929FBEFDA00705C56 /* TextViewVC.swift in Sources */ = {isa = PBXBuildFile; fileRef = E557181829FBEFDA00705C56 /* TextViewVC.swift */; };
		E5709C6A2A127CCC00129DDE /* Colors.xcassets in Resources */ = {isa = PBXBuildFile; fileRef = E5709C692A127CCC00129DDE /* Colors.xcassets */; };
		E5709C6C2A1359BB00129DDE /* Font in Resources */ = {isa = PBXBuildFile; fileRef = E5709C6B2A1359BB00129DDE /* Font */; };
		E5709C6E2A13658500129DDE /* Color.swift in Sources */ = {isa = PBXBuildFile; fileRef = E5709C6D2A13658500129DDE /* Color.swift */; };
		E5710EE42A138E0E00E10408 /* StatusEnum.swift in Sources */ = {isa = PBXBuildFile; fileRef = E5710EE32A138E0E00E10408 /* StatusEnum.swift */; };
		E5710EEA2A139A9400E10408 /* ExpandableVC.swift in Sources */ = {isa = PBXBuildFile; fileRef = E5710EE92A139A9400E10408 /* ExpandableVC.swift */; };
		E5710EEC2A139AB000E10408 /* ExpandableCell.swift in Sources */ = {isa = PBXBuildFile; fileRef = E5710EEB2A139AB000E10408 /* ExpandableCell.swift */; };
		E5710EEE2A13A08900E10408 /* Animals.swift in Sources */ = {isa = PBXBuildFile; fileRef = E5710EED2A13A08900E10408 /* Animals.swift */; };
		E5738C342A153455003AC81A /* BaseTableViewCell.swift in Sources */ = {isa = PBXBuildFile; fileRef = E5738C332A153455003AC81A /* BaseTableViewCell.swift */; };
		E5844C382A0A9B3A009AFCAD /* CustomButton.xib in Resources */ = {isa = PBXBuildFile; fileRef = E5844C372A0A9B3A009AFCAD /* CustomButton.xib */; };
		E585D7AF29F96ED000CAEF40 /* RadioButtonVC.swift in Sources */ = {isa = PBXBuildFile; fileRef = E585D7AE29F96ED000CAEF40 /* RadioButtonVC.swift */; };
		E585D7B129FA431B00CAEF40 /* FrameBound.storyboard in Resources */ = {isa = PBXBuildFile; fileRef = E585D7B029FA431B00CAEF40 /* FrameBound.storyboard */; };
		E585D7B329FA433700CAEF40 /* FrameBoundVC.swift in Sources */ = {isa = PBXBuildFile; fileRef = E585D7B229FA433700CAEF40 /* FrameBoundVC.swift */; };
		E585D7B529FA88E200CAEF40 /* UITextFieldVC.swift in Sources */ = {isa = PBXBuildFile; fileRef = E585D7B429FA88E200CAEF40 /* UITextFieldVC.swift */; };
		E5C5B59C2A0E9A0D0084F576 /* TextViewSelectionVC.swift in Sources */ = {isa = PBXBuildFile; fileRef = E5C5B59B2A0E9A0D0084F576 /* TextViewSelectionVC.swift */; };
		E5C5B59E2A11FCE80084F576 /* HomeScreen.storyboard in Resources */ = {isa = PBXBuildFile; fileRef = E5C5B59D2A11FCE80084F576 /* HomeScreen.storyboard */; };
		E5C5B5A12A11FE590084F576 /* Document.swift in Sources */ = {isa = PBXBuildFile; fileRef = E5C5B5A02A11FE590084F576 /* Document.swift */; };
		E5C5B5A32A11FF660084F576 /* HomeScreenVC.swift in Sources */ = {isa = PBXBuildFile; fileRef = E5C5B5A22A11FF660084F576 /* HomeScreenVC.swift */; };
		E5CC771129FA890900354058 /* UITextField.storyboard in Resources */ = {isa = PBXBuildFile; fileRef = E5CC771029FA890900354058 /* UITextField.storyboard */; };
		E5D269562A0A1C1F00DD5184 /* MainPageViewController.swift in Sources */ = {isa = PBXBuildFile; fileRef = E5D269552A0A1C1F00DD5184 /* MainPageViewController.swift */; };
		E5D269582A0A6B5F00DD5184 /* TextFieldExtension.swift in Sources */ = {isa = PBXBuildFile; fileRef = E5D269572A0A6B5F00DD5184 /* TextFieldExtension.swift */; };
		E5D2695A2A0A6DF200DD5184 /* BaseViewController.swift in Sources */ = {isa = PBXBuildFile; fileRef = E5D269592A0A6DF200DD5184 /* BaseViewController.swift */; };
		E5D2695C2A0A70EE00DD5184 /* TextViewExtension.swift in Sources */ = {isa = PBXBuildFile; fileRef = E5D2695B2A0A70EE00DD5184 /* TextViewExtension.swift */; };
		E5D269662A0A7CEB00DD5184 /* PHPickerVC.swift in Sources */ = {isa = PBXBuildFile; fileRef = E5D269652A0A7CEB00DD5184 /* PHPickerVC.swift */; };
		E5D7D2482A08D07B004B8922 /* Validator.swift in Sources */ = {isa = PBXBuildFile; fileRef = E5D7D2472A08D07B004B8922 /* Validator.swift */; };
		E5D7D24C2A08D29E004B8922 /* UIStepperVC.swift in Sources */ = {isa = PBXBuildFile; fileRef = E5D7D24B2A08D29E004B8922 /* UIStepperVC.swift */; };
		E5D7D24F2A08FD54004B8922 /* UIViewExtension.swift in Sources */ = {isa = PBXBuildFile; fileRef = E5D7D24E2A08FD54004B8922 /* UIViewExtension.swift */; };
		E5D7D2512A0911A0004B8922 /* UIImageVC.swift in Sources */ = {isa = PBXBuildFile; fileRef = E5D7D2502A0911A0004B8922 /* UIImageVC.swift */; };
		E5ED9A572A03824900F002D0 /* UISwitchVC.swift in Sources */ = {isa = PBXBuildFile; fileRef = E5ED9A562A03824900F002D0 /* UISwitchVC.swift */; };
		E5ED9A592A03B3E700F002D0 /* SegmentedControllVC.swift in Sources */ = {isa = PBXBuildFile; fileRef = E5ED9A582A03B3E700F002D0 /* SegmentedControllVC.swift */; };
		E5ED9A5B2A040F4000F002D0 /* TextFieldValidateVC.swift in Sources */ = {isa = PBXBuildFile; fileRef = E5ED9A5A2A040F4000F002D0 /* TextFieldValidateVC.swift */; };
/* End PBXBuildFile section */

/* Begin PBXContainerItemProxy section */
		E532841B29F7EA79005F8AF1 /* PBXContainerItemProxy */ = {
			isa = PBXContainerItemProxy;
			containerPortal = E53283FC29F7EA77005F8AF1 /* Project object */;
			proxyType = 1;
			remoteGlobalIDString = E532840329F7EA77005F8AF1;
			remoteInfo = UIComponets;
		};
		E532842529F7EA79005F8AF1 /* PBXContainerItemProxy */ = {
			isa = PBXContainerItemProxy;
			containerPortal = E53283FC29F7EA77005F8AF1 /* Project object */;
			proxyType = 1;
			remoteGlobalIDString = E532840329F7EA77005F8AF1;
			remoteInfo = UIComponets;
		};
/* End PBXContainerItemProxy section */

/* Begin PBXFileReference section */
		E51427ED2A0A91250069656F /* UISliderExtention.swift */ = {isa = PBXFileReference; lastKnownFileType = sourcecode.swift; path = UISliderExtention.swift; sourceTree = "<group>"; };
		E51427F02A0A951D0069656F /* AppConstants.swift */ = {isa = PBXFileReference; lastKnownFileType = sourcecode.swift; path = AppConstants.swift; sourceTree = "<group>"; };
		E51606962A0B6112002E654C /* Enumeration.swift */ = {isa = PBXFileReference; lastKnownFileType = sourcecode.swift; path = Enumeration.swift; sourceTree = "<group>"; };
		E516069A2A0B6AED002E654C /* PHPickerHelper.swift */ = {isa = PBXFileReference; lastKnownFileType = sourcecode.swift; path = PHPickerHelper.swift; sourceTree = "<group>"; };
		E516069C2A0B6DB6002E654C /* UIImageViewExtension.swift */ = {isa = PBXFileReference; lastKnownFileType = sourcecode.swift; path = UIImageViewExtension.swift; sourceTree = "<group>"; };
		E51F0AF229F7FA37009A660F /* UILabelViewController.swift */ = {isa = PBXFileReference; lastKnownFileType = sourcecode.swift; path = UILabelViewController.swift; sourceTree = "<group>"; };
		E52407332A12278D006353BF /* HomeScreenCell.swift */ = {isa = PBXFileReference; lastKnownFileType = sourcecode.swift; path = HomeScreenCell.swift; sourceTree = "<group>"; };
		E526E48B2A0E648400C6E597 /* TableViewCell.swift */ = {isa = PBXFileReference; lastKnownFileType = sourcecode.swift; path = TableViewCell.swift; sourceTree = "<group>"; };
		E52F36BE2A0E46B80022663A /* TableViewVC.swift */ = {isa = PBXFileReference; lastKnownFileType = sourcecode.swift; path = TableViewVC.swift; sourceTree = "<group>"; };
		E531EE032A0513B8007F6A8E /* SwitchVC.swift */ = {isa = PBXFileReference; lastKnownFileType = sourcecode.swift; path = SwitchVC.swift; sourceTree = "<group>"; };
		E531EE052A052F78007F6A8E /* UIPageControlVC.swift */ = {isa = PBXFileReference; lastKnownFileType = sourcecode.swift; path = UIPageControlVC.swift; sourceTree = "<group>"; };
		E531EE0B2A055A49007F6A8E /* ExtendFunctionsVC.swift */ = {isa = PBXFileReference; lastKnownFileType = sourcecode.swift; path = ExtendFunctionsVC.swift; sourceTree = "<group>"; };
		E532840429F7EA77005F8AF1 /* UIComponets.app */ = {isa = PBXFileReference; explicitFileType = wrapper.application; includeInIndex = 0; path = UIComponets.app; sourceTree = BUILT_PRODUCTS_DIR; };
		E532840729F7EA77005F8AF1 /* AppDelegate.swift */ = {isa = PBXFileReference; lastKnownFileType = sourcecode.swift; path = AppDelegate.swift; sourceTree = "<group>"; };
		E532840929F7EA77005F8AF1 /* SceneDelegate.swift */ = {isa = PBXFileReference; lastKnownFileType = sourcecode.swift; path = SceneDelegate.swift; sourceTree = "<group>"; };
		E532840B29F7EA77005F8AF1 /* ViewController.swift */ = {isa = PBXFileReference; lastKnownFileType = sourcecode.swift; path = ViewController.swift; sourceTree = "<group>"; };
		E532840E29F7EA77005F8AF1 /* Base */ = {isa = PBXFileReference; lastKnownFileType = file.storyboard; name = Base; path = Base.lproj/Main.storyboard; sourceTree = "<group>"; };
		E532841029F7EA79005F8AF1 /* Assets.xcassets */ = {isa = PBXFileReference; lastKnownFileType = folder.assetcatalog; path = Assets.xcassets; sourceTree = "<group>"; };
		E532841329F7EA79005F8AF1 /* Base */ = {isa = PBXFileReference; lastKnownFileType = file.storyboard; name = Base; path = Base.lproj/LaunchScreen.storyboard; sourceTree = "<group>"; };
		E532841529F7EA79005F8AF1 /* Info.plist */ = {isa = PBXFileReference; lastKnownFileType = text.plist.xml; name = Info.plist; path = Resources/Info.plist; sourceTree = SOURCE_ROOT; };
		E532841A29F7EA79005F8AF1 /* UIComponetsTests.xctest */ = {isa = PBXFileReference; explicitFileType = wrapper.cfbundle; includeInIndex = 0; path = UIComponetsTests.xctest; sourceTree = BUILT_PRODUCTS_DIR; };
		E532842429F7EA79005F8AF1 /* UIComponetsUITests.xctest */ = {isa = PBXFileReference; explicitFileType = wrapper.cfbundle; includeInIndex = 0; path = UIComponetsUITests.xctest; sourceTree = BUILT_PRODUCTS_DIR; };
		E532843829F7EE8C005F8AF1 /* UIButtons.storyboard */ = {isa = PBXFileReference; lastKnownFileType = file.storyboard; path = UIButtons.storyboard; sourceTree = "<group>"; };
		E532843A29F7EEBA005F8AF1 /* UIButtonViewController.swift */ = {isa = PBXFileReference; lastKnownFileType = sourcecode.swift; path = UIButtonViewController.swift; sourceTree = "<group>"; };
		E5454DB12A0921AF00A84098 /* CustomButton.swift */ = {isa = PBXFileReference; lastKnownFileType = sourcecode.swift; path = CustomButton.swift; sourceTree = "<group>"; };
		E557181829FBEFDA00705C56 /* TextViewVC.swift */ = {isa = PBXFileReference; lastKnownFileType = sourcecode.swift; path = TextViewVC.swift; sourceTree = "<group>"; };
		E5709C692A127CCC00129DDE /* Colors.xcassets */ = {isa = PBXFileReference; lastKnownFileType = folder.assetcatalog; path = Colors.xcassets; sourceTree = "<group>"; };
		E5709C6B2A1359BB00129DDE /* Font */ = {isa = PBXFileReference; lastKnownFileType = folder; path = Font; sourceTree = "<group>"; };
		E5709C6D2A13658500129DDE /* Color.swift */ = {isa = PBXFileReference; lastKnownFileType = sourcecode.swift; path = Color.swift; sourceTree = "<group>"; };
		E5710EE32A138E0E00E10408 /* StatusEnum.swift */ = {isa = PBXFileReference; lastKnownFileType = sourcecode.swift; path = StatusEnum.swift; sourceTree = "<group>"; };
		E5710EE92A139A9400E10408 /* ExpandableVC.swift */ = {isa = PBXFileReference; lastKnownFileType = sourcecode.swift; path = ExpandableVC.swift; sourceTree = "<group>"; };
		E5710EEB2A139AB000E10408 /* ExpandableCell.swift */ = {isa = PBXFileReference; lastKnownFileType = sourcecode.swift; path = ExpandableCell.swift; sourceTree = "<group>"; };
		E5710EED2A13A08900E10408 /* Animals.swift */ = {isa = PBXFileReference; lastKnownFileType = sourcecode.swift; path = Animals.swift; sourceTree = "<group>"; };
		E5738C332A153455003AC81A /* BaseTableViewCell.swift */ = {isa = PBXFileReference; lastKnownFileType = sourcecode.swift; path = BaseTableViewCell.swift; sourceTree = "<group>"; };
		E5844C372A0A9B3A009AFCAD /* CustomButton.xib */ = {isa = PBXFileReference; fileEncoding = 4; lastKnownFileType = file.xib; path = CustomButton.xib; sourceTree = "<group>"; };
		E585D7AE29F96ED000CAEF40 /* RadioButtonVC.swift */ = {isa = PBXFileReference; lastKnownFileType = sourcecode.swift; path = RadioButtonVC.swift; sourceTree = "<group>"; };
		E585D7B029FA431B00CAEF40 /* FrameBound.storyboard */ = {isa = PBXFileReference; lastKnownFileType = file.storyboard; path = FrameBound.storyboard; sourceTree = "<group>"; };
		E585D7B229FA433700CAEF40 /* FrameBoundVC.swift */ = {isa = PBXFileReference; lastKnownFileType = sourcecode.swift; path = FrameBoundVC.swift; sourceTree = "<group>"; };
		E585D7B429FA88E200CAEF40 /* UITextFieldVC.swift */ = {isa = PBXFileReference; lastKnownFileType = sourcecode.swift; path = UITextFieldVC.swift; sourceTree = "<group>"; };
		E5C5B59B2A0E9A0D0084F576 /* TextViewSelectionVC.swift */ = {isa = PBXFileReference; lastKnownFileType = sourcecode.swift; path = TextViewSelectionVC.swift; sourceTree = "<group>"; };
		E5C5B59D2A11FCE80084F576 /* HomeScreen.storyboard */ = {isa = PBXFileReference; lastKnownFileType = file.storyboard; path = HomeScreen.storyboard; sourceTree = "<group>"; };
		E5C5B5A02A11FE590084F576 /* Document.swift */ = {isa = PBXFileReference; lastKnownFileType = sourcecode.swift; path = Document.swift; sourceTree = "<group>"; };
		E5C5B5A22A11FF660084F576 /* HomeScreenVC.swift */ = {isa = PBXFileReference; lastKnownFileType = sourcecode.swift; path = HomeScreenVC.swift; sourceTree = "<group>"; };
		E5CC771029FA890900354058 /* UITextField.storyboard */ = {isa = PBXFileReference; lastKnownFileType = file.storyboard; path = UITextField.storyboard; sourceTree = "<group>"; };
		E5D269552A0A1C1F00DD5184 /* MainPageViewController.swift */ = {isa = PBXFileReference; lastKnownFileType = sourcecode.swift; path = MainPageViewController.swift; sourceTree = "<group>"; };
		E5D269572A0A6B5F00DD5184 /* TextFieldExtension.swift */ = {isa = PBXFileReference; lastKnownFileType = sourcecode.swift; path = TextFieldExtension.swift; sourceTree = "<group>"; };
		E5D269592A0A6DF200DD5184 /* BaseViewController.swift */ = {isa = PBXFileReference; lastKnownFileType = sourcecode.swift; path = BaseViewController.swift; sourceTree = "<group>"; };
		E5D2695B2A0A70EE00DD5184 /* TextViewExtension.swift */ = {isa = PBXFileReference; lastKnownFileType = sourcecode.swift; path = TextViewExtension.swift; sourceTree = "<group>"; };
		E5D269652A0A7CEB00DD5184 /* PHPickerVC.swift */ = {isa = PBXFileReference; lastKnownFileType = sourcecode.swift; path = PHPickerVC.swift; sourceTree = "<group>"; };
		E5D7D2472A08D07B004B8922 /* Validator.swift */ = {isa = PBXFileReference; lastKnownFileType = sourcecode.swift; path = Validator.swift; sourceTree = "<group>"; };
		E5D7D24B2A08D29E004B8922 /* UIStepperVC.swift */ = {isa = PBXFileReference; lastKnownFileType = sourcecode.swift; path = UIStepperVC.swift; sourceTree = "<group>"; };
		E5D7D24E2A08FD54004B8922 /* UIViewExtension.swift */ = {isa = PBXFileReference; lastKnownFileType = sourcecode.swift; path = UIViewExtension.swift; sourceTree = "<group>"; };
		E5D7D2502A0911A0004B8922 /* UIImageVC.swift */ = {isa = PBXFileReference; lastKnownFileType = sourcecode.swift; path = UIImageVC.swift; sourceTree = "<group>"; };
		E5ED9A562A03824900F002D0 /* UISwitchVC.swift */ = {isa = PBXFileReference; lastKnownFileType = sourcecode.swift; path = UISwitchVC.swift; sourceTree = "<group>"; };
		E5ED9A582A03B3E700F002D0 /* SegmentedControllVC.swift */ = {isa = PBXFileReference; lastKnownFileType = sourcecode.swift; path = SegmentedControllVC.swift; sourceTree = "<group>"; };
		E5ED9A5A2A040F4000F002D0 /* TextFieldValidateVC.swift */ = {isa = PBXFileReference; lastKnownFileType = sourcecode.swift; path = TextFieldValidateVC.swift; sourceTree = "<group>"; };
/* End PBXFileReference section */

/* Begin PBXFrameworksBuildPhase section */
		E532840129F7EA77005F8AF1 /* Frameworks */ = {
			isa = PBXFrameworksBuildPhase;
			buildActionMask = 2147483647;
			files = (
			);
			runOnlyForDeploymentPostprocessing = 0;
		};
		E532841729F7EA79005F8AF1 /* Frameworks */ = {
			isa = PBXFrameworksBuildPhase;
			buildActionMask = 2147483647;
			files = (
			);
			runOnlyForDeploymentPostprocessing = 0;
		};
		E532842129F7EA79005F8AF1 /* Frameworks */ = {
			isa = PBXFrameworksBuildPhase;
			buildActionMask = 2147483647;
			files = (
			);
			runOnlyForDeploymentPostprocessing = 0;
		};
/* End PBXFrameworksBuildPhase section */

/* Begin PBXGroup section */
		E53283FB29F7EA77005F8AF1 = {
			isa = PBXGroup;
			children = (
				E5C5B5A62A11FFB70084F576 /* Cell */,
				E5C5B59F2A11FE310084F576 /* Model */,
				E5844C3A2A0AAD3A009AFCAD /* BaseViewController */,
				E5844C392A0AAD09009AFCAD /* CustomView */,
				E5D7D24D2A08FD37004B8922 /* Extensions */,
				E5D7D24A2A08D0B2004B8922 /* Resources */,
				E5D7D2492A08D095004B8922 /* AppDelegate */,
				E5D7D2462A08D04D004B8922 /* Helper */,
				E532840629F7EA77005F8AF1 /* ViewController */,
				E532843729F7EE6B005F8AF1 /* Storybords */,
				E532840529F7EA77005F8AF1 /* Products */,
			);
			sourceTree = "<group>";
		};
		E532840529F7EA77005F8AF1 /* Products */ = {
			isa = PBXGroup;
			children = (
				E532840429F7EA77005F8AF1 /* UIComponets.app */,
				E532841A29F7EA79005F8AF1 /* UIComponetsTests.xctest */,
				E532842429F7EA79005F8AF1 /* UIComponetsUITests.xctest */,
			);
			name = Products;
			sourceTree = "<group>";
		};
		E532840629F7EA77005F8AF1 /* ViewController */ = {
			isa = PBXGroup;
			children = (
				E5454DB12A0921AF00A84098 /* CustomButton.swift */,
				E585D7B429FA88E200CAEF40 /* UITextFieldVC.swift */,
				E532843A29F7EEBA005F8AF1 /* UIButtonViewController.swift */,
				E532840B29F7EA77005F8AF1 /* ViewController.swift */,
				E51F0AF229F7FA37009A660F /* UILabelViewController.swift */,
				E585D7AE29F96ED000CAEF40 /* RadioButtonVC.swift */,
				E585D7B229FA433700CAEF40 /* FrameBoundVC.swift */,
				E557181829FBEFDA00705C56 /* TextViewVC.swift */,
				E5ED9A562A03824900F002D0 /* UISwitchVC.swift */,
				E5ED9A582A03B3E700F002D0 /* SegmentedControllVC.swift */,
				E5ED9A5A2A040F4000F002D0 /* TextFieldValidateVC.swift */,
				E531EE032A0513B8007F6A8E /* SwitchVC.swift */,
				E531EE052A052F78007F6A8E /* UIPageControlVC.swift */,
				E531EE0B2A055A49007F6A8E /* ExtendFunctionsVC.swift */,
				E5D7D24B2A08D29E004B8922 /* UIStepperVC.swift */,
				E5D7D2502A0911A0004B8922 /* UIImageVC.swift */,
				E5D269552A0A1C1F00DD5184 /* MainPageViewController.swift */,
				E5D269652A0A7CEB00DD5184 /* PHPickerVC.swift */,
				E52F36BE2A0E46B80022663A /* TableViewVC.swift */,
				E5C5B59B2A0E9A0D0084F576 /* TextViewSelectionVC.swift */,
				E5C5B5A22A11FF660084F576 /* HomeScreenVC.swift */,
				E5710EE92A139A9400E10408 /* ExpandableVC.swift */,
			);
			path = ViewController;
			sourceTree = "<group>";
		};
		E532843729F7EE6B005F8AF1 /* Storybords */ = {
			isa = PBXGroup;
			children = (
				E532840D29F7EA77005F8AF1 /* Main.storyboard */,
				E532841229F7EA79005F8AF1 /* LaunchScreen.storyboard */,
				E532843829F7EE8C005F8AF1 /* UIButtons.storyboard */,
				E585D7B029FA431B00CAEF40 /* FrameBound.storyboard */,
				E5CC771029FA890900354058 /* UITextField.storyboard */,
				E5C5B59D2A11FCE80084F576 /* HomeScreen.storyboard */,
			);
			path = Storybords;
			sourceTree = "<group>";
		};
		E5844C392A0AAD09009AFCAD /* CustomView */ = {
			isa = PBXGroup;
			children = (
				E5844C372A0A9B3A009AFCAD /* CustomButton.xib */,
			);
			path = CustomView;
			sourceTree = "<group>";
		};
		E5844C3A2A0AAD3A009AFCAD /* BaseViewController */ = {
			isa = PBXGroup;
			children = (
				E5D269592A0A6DF200DD5184 /* BaseViewController.swift */,
				E5738C332A153455003AC81A /* BaseTableViewCell.swift */,
			);
			path = BaseViewController;
			sourceTree = "<group>";
		};
		E5C5B59F2A11FE310084F576 /* Model */ = {
			isa = PBXGroup;
			children = (
				E5C5B5A02A11FE590084F576 /* Document.swift */,
				E5710EE32A138E0E00E10408 /* StatusEnum.swift */,
				E5710EED2A13A08900E10408 /* Animals.swift */,
			);
			path = Model;
			sourceTree = "<group>";
		};
		E5C5B5A62A11FFB70084F576 /* Cell */ = {
			isa = PBXGroup;
			children = (
				E526E48B2A0E648400C6E597 /* TableViewCell.swift */,
				E52407332A12278D006353BF /* HomeScreenCell.swift */,
				E5710EEB2A139AB000E10408 /* ExpandableCell.swift */,
			);
			path = Cell;
			sourceTree = "<group>";
		};
		E5D7D2462A08D04D004B8922 /* Helper */ = {
			isa = PBXGroup;
			children = (
				E5D7D2472A08D07B004B8922 /* Validator.swift */,
				E51427F02A0A951D0069656F /* AppConstants.swift */,
				E51606962A0B6112002E654C /* Enumeration.swift */,
				E516069A2A0B6AED002E654C /* PHPickerHelper.swift */,
				E5709C6D2A13658500129DDE /* Color.swift */,
			);
			path = Helper;
			sourceTree = "<group>";
		};
		E5D7D2492A08D095004B8922 /* AppDelegate */ = {
			isa = PBXGroup;
			children = (
				E532840729F7EA77005F8AF1 /* AppDelegate.swift */,
				E532840929F7EA77005F8AF1 /* SceneDelegate.swift */,
			);
			path = AppDelegate;
			sourceTree = "<group>";
		};
		E5D7D24A2A08D0B2004B8922 /* Resources */ = {
			isa = PBXGroup;
			children = (
				E5709C6B2A1359BB00129DDE /* Font */,
				E532841529F7EA79005F8AF1 /* Info.plist */,
				E532841029F7EA79005F8AF1 /* Assets.xcassets */,
				E5709C692A127CCC00129DDE /* Colors.xcassets */,
			);
			path = Resources;
			sourceTree = "<group>";
		};
		E5D7D24D2A08FD37004B8922 /* Extensions */ = {
			isa = PBXGroup;
			children = (
				E5D269572A0A6B5F00DD5184 /* TextFieldExtension.swift */,
				E5D2695B2A0A70EE00DD5184 /* TextViewExtension.swift */,
				E51427ED2A0A91250069656F /* UISliderExtention.swift */,
				E5D7D24E2A08FD54004B8922 /* UIViewExtension.swift */,
				E516069C2A0B6DB6002E654C /* UIImageViewExtension.swift */,
			);
			path = Extensions;
			sourceTree = "<group>";
		};
/* End PBXGroup section */

/* Begin PBXNativeTarget section */
		E532840329F7EA77005F8AF1 /* UIComponets */ = {
			isa = PBXNativeTarget;
			buildConfigurationList = E532842E29F7EA79005F8AF1 /* Build configuration list for PBXNativeTarget "UIComponets" */;
			buildPhases = (
				E532840029F7EA77005F8AF1 /* Sources */,
				E532840129F7EA77005F8AF1 /* Frameworks */,
				E532840229F7EA77005F8AF1 /* Resources */,
			);
			buildRules = (
			);
			dependencies = (
			);
			name = UIComponets;
			productName = UIComponets;
			productReference = E532840429F7EA77005F8AF1 /* UIComponets.app */;
			productType = "com.apple.product-type.application";
		};
		E532841929F7EA79005F8AF1 /* UIComponetsTests */ = {
			isa = PBXNativeTarget;
			buildConfigurationList = E532843129F7EA79005F8AF1 /* Build configuration list for PBXNativeTarget "UIComponetsTests" */;
			buildPhases = (
				E532841629F7EA79005F8AF1 /* Sources */,
				E532841729F7EA79005F8AF1 /* Frameworks */,
				E532841829F7EA79005F8AF1 /* Resources */,
			);
			buildRules = (
			);
			dependencies = (
				E532841C29F7EA79005F8AF1 /* PBXTargetDependency */,
			);
			name = UIComponetsTests;
			productName = UIComponetsTests;
			productReference = E532841A29F7EA79005F8AF1 /* UIComponetsTests.xctest */;
			productType = "com.apple.product-type.bundle.unit-test";
		};
		E532842329F7EA79005F8AF1 /* UIComponetsUITests */ = {
			isa = PBXNativeTarget;
			buildConfigurationList = E532843429F7EA79005F8AF1 /* Build configuration list for PBXNativeTarget "UIComponetsUITests" */;
			buildPhases = (
				E532842029F7EA79005F8AF1 /* Sources */,
				E532842129F7EA79005F8AF1 /* Frameworks */,
				E532842229F7EA79005F8AF1 /* Resources */,
			);
			buildRules = (
			);
			dependencies = (
				E532842629F7EA79005F8AF1 /* PBXTargetDependency */,
			);
			name = UIComponetsUITests;
			productName = UIComponetsUITests;
			productReference = E532842429F7EA79005F8AF1 /* UIComponetsUITests.xctest */;
			productType = "com.apple.product-type.bundle.ui-testing";
		};
/* End PBXNativeTarget section */

/* Begin PBXProject section */
		E53283FC29F7EA77005F8AF1 /* Project object */ = {
			isa = PBXProject;
			attributes = {
				BuildIndependentTargetsInParallel = 1;
				LastSwiftUpdateCheck = 1420;
				LastUpgradeCheck = 1420;
				TargetAttributes = {
					E532840329F7EA77005F8AF1 = {
						CreatedOnToolsVersion = 14.2;
					};
					E532841929F7EA79005F8AF1 = {
						CreatedOnToolsVersion = 14.2;
						TestTargetID = E532840329F7EA77005F8AF1;
					};
					E532842329F7EA79005F8AF1 = {
						CreatedOnToolsVersion = 14.2;
						TestTargetID = E532840329F7EA77005F8AF1;
					};
				};
			};
			buildConfigurationList = E53283FF29F7EA77005F8AF1 /* Build configuration list for PBXProject "UIComponets" */;
			compatibilityVersion = "Xcode 14.0";
			developmentRegion = en;
			hasScannedForEncodings = 0;
			knownRegions = (
				en,
				Base,
			);
			mainGroup = E53283FB29F7EA77005F8AF1;
			productRefGroup = E532840529F7EA77005F8AF1 /* Products */;
			projectDirPath = "";
			projectRoot = "";
			targets = (
				E532840329F7EA77005F8AF1 /* UIComponets */,
				E532841929F7EA79005F8AF1 /* UIComponetsTests */,
				E532842329F7EA79005F8AF1 /* UIComponetsUITests */,
			);
		};
/* End PBXProject section */

/* Begin PBXResourcesBuildPhase section */
		E532840229F7EA77005F8AF1 /* Resources */ = {
			isa = PBXResourcesBuildPhase;
			buildActionMask = 2147483647;
			files = (
				E5709C6A2A127CCC00129DDE /* Colors.xcassets in Resources */,
				E532843929F7EE8C005F8AF1 /* UIButtons.storyboard in Resources */,
				E5C5B59E2A11FCE80084F576 /* HomeScreen.storyboard in Resources */,
				E585D7B129FA431B00CAEF40 /* FrameBound.storyboard in Resources */,
				E532841429F7EA79005F8AF1 /* LaunchScreen.storyboard in Resources */,
				E5709C6C2A1359BB00129DDE /* Font in Resources */,
				E532841129F7EA79005F8AF1 /* Assets.xcassets in Resources */,
				E5844C382A0A9B3A009AFCAD /* CustomButton.xib in Resources */,
				E5CC771129FA890900354058 /* UITextField.storyboard in Resources */,
				E532840F29F7EA77005F8AF1 /* Main.storyboard in Resources */,
			);
			runOnlyForDeploymentPostprocessing = 0;
		};
		E532841829F7EA79005F8AF1 /* Resources */ = {
			isa = PBXResourcesBuildPhase;
			buildActionMask = 2147483647;
			files = (
			);
			runOnlyForDeploymentPostprocessing = 0;
		};
		E532842229F7EA79005F8AF1 /* Resources */ = {
			isa = PBXResourcesBuildPhase;
			buildActionMask = 2147483647;
			files = (
			);
			runOnlyForDeploymentPostprocessing = 0;
		};
/* End PBXResourcesBuildPhase section */

/* Begin PBXSourcesBuildPhase section */
		E532840029F7EA77005F8AF1 /* Sources */ = {
			isa = PBXSourcesBuildPhase;
			buildActionMask = 2147483647;
			files = (
				E516069D2A0B6DB6002E654C /* UIImageViewExtension.swift in Sources */,
				E5D7D2482A08D07B004B8922 /* Validator.swift in Sources */,
				E5710EEE2A13A08900E10408 /* Animals.swift in Sources */,
				E5D269562A0A1C1F00DD5184 /* MainPageViewController.swift in Sources */,
				E5738C342A153455003AC81A /* BaseTableViewCell.swift in Sources */,
				E532843B29F7EEBA005F8AF1 /* UIButtonViewController.swift in Sources */,
				E5D2695A2A0A6DF200DD5184 /* BaseViewController.swift in Sources */,
				E5D7D24C2A08D29E004B8922 /* UIStepperVC.swift in Sources */,
				E532840C29F7EA77005F8AF1 /* ViewController.swift in Sources */,
				E557181929FBEFDA00705C56 /* TextViewVC.swift in Sources */,
				E531EE0C2A055A49007F6A8E /* ExtendFunctionsVC.swift in Sources */,
				E5D7D24F2A08FD54004B8922 /* UIViewExtension.swift in Sources */,
				E5709C6E2A13658500129DDE /* Color.swift in Sources */,
				E51427EE2A0A91250069656F /* UISliderExtention.swift in Sources */,
				E532840829F7EA77005F8AF1 /* AppDelegate.swift in Sources */,
				E585D7B529FA88E200CAEF40 /* UITextFieldVC.swift in Sources */,
				E51F0AF329F7FA37009A660F /* UILabelViewController.swift in Sources */,
				E516069B2A0B6AED002E654C /* PHPickerHelper.swift in Sources */,
				E5710EE42A138E0E00E10408 /* StatusEnum.swift in Sources */,
				E5D269662A0A7CEB00DD5184 /* PHPickerVC.swift in Sources */,
				E52407342A12278D006353BF /* HomeScreenCell.swift in Sources */,
				E5710EEC2A139AB000E10408 /* ExpandableCell.swift in Sources */,
				E5ED9A592A03B3E700F002D0 /* SegmentedControllVC.swift in Sources */,
				E5710EEA2A139A9400E10408 /* ExpandableVC.swift in Sources */,
				E526E48C2A0E648400C6E597 /* TableViewCell.swift in Sources */,
				E5C5B5A32A11FF660084F576 /* HomeScreenVC.swift in Sources */,
				E5ED9A572A03824900F002D0 /* UISwitchVC.swift in Sources */,
				E5ED9A5B2A040F4000F002D0 /* TextFieldValidateVC.swift in Sources */,
				E5D2695C2A0A70EE00DD5184 /* TextViewExtension.swift in Sources */,
				E531EE042A0513B8007F6A8E /* SwitchVC.swift in Sources */,
				E51427F12A0A951D0069656F /* AppConstants.swift in Sources */,
				E585D7AF29F96ED000CAEF40 /* RadioButtonVC.swift in Sources */,
				E585D7B329FA433700CAEF40 /* FrameBoundVC.swift in Sources */,
				E52F36BF2A0E46B80022663A /* TableViewVC.swift in Sources */,
				E5D269582A0A6B5F00DD5184 /* TextFieldExtension.swift in Sources */,
				E532840A29F7EA77005F8AF1 /* SceneDelegate.swift in Sources */,
				E5D7D2512A0911A0004B8922 /* UIImageVC.swift in Sources */,
				E531EE062A052F78007F6A8E /* UIPageControlVC.swift in Sources */,
				E5C5B5A12A11FE590084F576 /* Document.swift in Sources */,
				E5C5B59C2A0E9A0D0084F576 /* TextViewSelectionVC.swift in Sources */,
				E5454DB22A0921AF00A84098 /* CustomButton.swift in Sources */,
				E51606972A0B6112002E654C /* Enumeration.swift in Sources */,
			);
			runOnlyForDeploymentPostprocessing = 0;
		};
		E532841629F7EA79005F8AF1 /* Sources */ = {
			isa = PBXSourcesBuildPhase;
			buildActionMask = 2147483647;
			files = (
			);
			runOnlyForDeploymentPostprocessing = 0;
		};
		E532842029F7EA79005F8AF1 /* Sources */ = {
			isa = PBXSourcesBuildPhase;
			buildActionMask = 2147483647;
			files = (
			);
			runOnlyForDeploymentPostprocessing = 0;
		};
/* End PBXSourcesBuildPhase section */

/* Begin PBXTargetDependency section */
		E532841C29F7EA79005F8AF1 /* PBXTargetDependency */ = {
			isa = PBXTargetDependency;
			target = E532840329F7EA77005F8AF1 /* UIComponets */;
			targetProxy = E532841B29F7EA79005F8AF1 /* PBXContainerItemProxy */;
		};
		E532842629F7EA79005F8AF1 /* PBXTargetDependency */ = {
			isa = PBXTargetDependency;
			target = E532840329F7EA77005F8AF1 /* UIComponets */;
			targetProxy = E532842529F7EA79005F8AF1 /* PBXContainerItemProxy */;
		};
/* End PBXTargetDependency section */

/* Begin PBXVariantGroup section */
		E532840D29F7EA77005F8AF1 /* Main.storyboard */ = {
			isa = PBXVariantGroup;
			children = (
				E532840E29F7EA77005F8AF1 /* Base */,
			);
			name = Main.storyboard;
			sourceTree = "<group>";
		};
		E532841229F7EA79005F8AF1 /* LaunchScreen.storyboard */ = {
			isa = PBXVariantGroup;
			children = (
				E532841329F7EA79005F8AF1 /* Base */,
			);
			name = LaunchScreen.storyboard;
			sourceTree = "<group>";
		};
/* End PBXVariantGroup section */

/* Begin XCBuildConfiguration section */
		E532842C29F7EA79005F8AF1 /* Debug */ = {
			isa = XCBuildConfiguration;
			buildSettings = {
				ALWAYS_SEARCH_USER_PATHS = NO;
				CLANG_ANALYZER_LOCALIZABILITY_NONLOCALIZED = YES;
				CLANG_ANALYZER_NONNULL = YES;
				CLANG_ANALYZER_NUMBER_OBJECT_CONVERSION = YES_AGGRESSIVE;
				CLANG_CXX_LANGUAGE_STANDARD = "gnu++20";
				CLANG_ENABLE_MODULES = YES;
				CLANG_ENABLE_OBJC_ARC = YES;
				CLANG_ENABLE_OBJC_WEAK = YES;
				CLANG_WARN_BLOCK_CAPTURE_AUTORELEASING = YES;
				CLANG_WARN_BOOL_CONVERSION = YES;
				CLANG_WARN_COMMA = YES;
				CLANG_WARN_CONSTANT_CONVERSION = YES;
				CLANG_WARN_DEPRECATED_OBJC_IMPLEMENTATIONS = YES;
				CLANG_WARN_DIRECT_OBJC_ISA_USAGE = YES_ERROR;
				CLANG_WARN_DOCUMENTATION_COMMENTS = YES;
				CLANG_WARN_EMPTY_BODY = YES;
				CLANG_WARN_ENUM_CONVERSION = YES;
				CLANG_WARN_INFINITE_RECURSION = YES;
				CLANG_WARN_INT_CONVERSION = YES;
				CLANG_WARN_NON_LITERAL_NULL_CONVERSION = YES;
				CLANG_WARN_OBJC_IMPLICIT_RETAIN_SELF = YES;
				CLANG_WARN_OBJC_LITERAL_CONVERSION = YES;
				CLANG_WARN_OBJC_ROOT_CLASS = YES_ERROR;
				CLANG_WARN_QUOTED_INCLUDE_IN_FRAMEWORK_HEADER = YES;
				CLANG_WARN_RANGE_LOOP_ANALYSIS = YES;
				CLANG_WARN_STRICT_PROTOTYPES = YES;
				CLANG_WARN_SUSPICIOUS_MOVE = YES;
				CLANG_WARN_UNGUARDED_AVAILABILITY = YES_AGGRESSIVE;
				CLANG_WARN_UNREACHABLE_CODE = YES;
				CLANG_WARN__DUPLICATE_METHOD_MATCH = YES;
				COPY_PHASE_STRIP = NO;
				DEBUG_INFORMATION_FORMAT = dwarf;
				ENABLE_STRICT_OBJC_MSGSEND = YES;
				ENABLE_TESTABILITY = YES;
				GCC_C_LANGUAGE_STANDARD = gnu11;
				GCC_DYNAMIC_NO_PIC = NO;
				GCC_NO_COMMON_BLOCKS = YES;
				GCC_OPTIMIZATION_LEVEL = 0;
				GCC_PREPROCESSOR_DEFINITIONS = (
					"DEBUG=1",
					"$(inherited)",
				);
				GCC_WARN_64_TO_32_BIT_CONVERSION = YES;
				GCC_WARN_ABOUT_RETURN_TYPE = YES_ERROR;
				GCC_WARN_UNDECLARED_SELECTOR = YES;
				GCC_WARN_UNINITIALIZED_AUTOS = YES_AGGRESSIVE;
				GCC_WARN_UNUSED_FUNCTION = YES;
				GCC_WARN_UNUSED_VARIABLE = YES;
				IPHONEOS_DEPLOYMENT_TARGET = 16.2;
				MTL_ENABLE_DEBUG_INFO = INCLUDE_SOURCE;
				MTL_FAST_MATH = YES;
				ONLY_ACTIVE_ARCH = YES;
				SDKROOT = iphoneos;
				SWIFT_ACTIVE_COMPILATION_CONDITIONS = DEBUG;
				SWIFT_OPTIMIZATION_LEVEL = "-Onone";
			};
			name = Debug;
		};
		E532842D29F7EA79005F8AF1 /* Release */ = {
			isa = XCBuildConfiguration;
			buildSettings = {
				ALWAYS_SEARCH_USER_PATHS = NO;
				CLANG_ANALYZER_LOCALIZABILITY_NONLOCALIZED = YES;
				CLANG_ANALYZER_NONNULL = YES;
				CLANG_ANALYZER_NUMBER_OBJECT_CONVERSION = YES_AGGRESSIVE;
				CLANG_CXX_LANGUAGE_STANDARD = "gnu++20";
				CLANG_ENABLE_MODULES = YES;
				CLANG_ENABLE_OBJC_ARC = YES;
				CLANG_ENABLE_OBJC_WEAK = YES;
				CLANG_WARN_BLOCK_CAPTURE_AUTORELEASING = YES;
				CLANG_WARN_BOOL_CONVERSION = YES;
				CLANG_WARN_COMMA = YES;
				CLANG_WARN_CONSTANT_CONVERSION = YES;
				CLANG_WARN_DEPRECATED_OBJC_IMPLEMENTATIONS = YES;
				CLANG_WARN_DIRECT_OBJC_ISA_USAGE = YES_ERROR;
				CLANG_WARN_DOCUMENTATION_COMMENTS = YES;
				CLANG_WARN_EMPTY_BODY = YES;
				CLANG_WARN_ENUM_CONVERSION = YES;
				CLANG_WARN_INFINITE_RECURSION = YES;
				CLANG_WARN_INT_CONVERSION = YES;
				CLANG_WARN_NON_LITERAL_NULL_CONVERSION = YES;
				CLANG_WARN_OBJC_IMPLICIT_RETAIN_SELF = YES;
				CLANG_WARN_OBJC_LITERAL_CONVERSION = YES;
				CLANG_WARN_OBJC_ROOT_CLASS = YES_ERROR;
				CLANG_WARN_QUOTED_INCLUDE_IN_FRAMEWORK_HEADER = YES;
				CLANG_WARN_RANGE_LOOP_ANALYSIS = YES;
				CLANG_WARN_STRICT_PROTOTYPES = YES;
				CLANG_WARN_SUSPICIOUS_MOVE = YES;
				CLANG_WARN_UNGUARDED_AVAILABILITY = YES_AGGRESSIVE;
				CLANG_WARN_UNREACHABLE_CODE = YES;
				CLANG_WARN__DUPLICATE_METHOD_MATCH = YES;
				COPY_PHASE_STRIP = NO;
				DEBUG_INFORMATION_FORMAT = "dwarf-with-dsym";
				ENABLE_NS_ASSERTIONS = NO;
				ENABLE_STRICT_OBJC_MSGSEND = YES;
				GCC_C_LANGUAGE_STANDARD = gnu11;
				GCC_NO_COMMON_BLOCKS = YES;
				GCC_WARN_64_TO_32_BIT_CONVERSION = YES;
				GCC_WARN_ABOUT_RETURN_TYPE = YES_ERROR;
				GCC_WARN_UNDECLARED_SELECTOR = YES;
				GCC_WARN_UNINITIALIZED_AUTOS = YES_AGGRESSIVE;
				GCC_WARN_UNUSED_FUNCTION = YES;
				GCC_WARN_UNUSED_VARIABLE = YES;
				IPHONEOS_DEPLOYMENT_TARGET = 16.2;
				MTL_ENABLE_DEBUG_INFO = NO;
				MTL_FAST_MATH = YES;
				SDKROOT = iphoneos;
				SWIFT_COMPILATION_MODE = wholemodule;
				SWIFT_OPTIMIZATION_LEVEL = "-O";
				VALIDATE_PRODUCT = YES;
			};
			name = Release;
		};
		E532842F29F7EA79005F8AF1 /* Debug */ = {
			isa = XCBuildConfiguration;
			buildSettings = {
				ASSETCATALOG_COMPILER_APPICON_NAME = AppIcon;
				ASSETCATALOG_COMPILER_GLOBAL_ACCENT_COLOR_NAME = AccentColor;
				CODE_SIGN_STYLE = Automatic;
				CURRENT_PROJECT_VERSION = 1;
				GENERATE_INFOPLIST_FILE = YES;
				INFOPLIST_FILE = Resources/Info.plist;
				INFOPLIST_KEY_UIApplicationSupportsIndirectInputEvents = YES;
				INFOPLIST_KEY_UILaunchStoryboardName = LaunchScreen;
				INFOPLIST_KEY_UIMainStoryboardFile = Main;
				INFOPLIST_KEY_UISupportedInterfaceOrientations_iPad = "UIInterfaceOrientationPortrait UIInterfaceOrientationPortraitUpsideDown UIInterfaceOrientationLandscapeLeft UIInterfaceOrientationLandscapeRight";
				INFOPLIST_KEY_UISupportedInterfaceOrientations_iPhone = "UIInterfaceOrientationPortrait UIInterfaceOrientationLandscapeLeft UIInterfaceOrientationLandscapeRight";
				LD_RUNPATH_SEARCH_PATHS = (
					"$(inherited)",
					"@executable_path/Frameworks",
				);
				MARKETING_VERSION = 1.0;
				PRODUCT_BUNDLE_IDENTIFIER = com.test1.UIComponets;
				PRODUCT_NAME = "$(TARGET_NAME)";
				SWIFT_EMIT_LOC_STRINGS = YES;
				SWIFT_VERSION = 5.0;
				TARGETED_DEVICE_FAMILY = "1,2";
			};
			name = Debug;
		};
		E532843029F7EA79005F8AF1 /* Release */ = {
			isa = XCBuildConfiguration;
			buildSettings = {
				ASSETCATALOG_COMPILER_APPICON_NAME = AppIcon;
				ASSETCATALOG_COMPILER_GLOBAL_ACCENT_COLOR_NAME = AccentColor;
				CODE_SIGN_STYLE = Automatic;
				CURRENT_PROJECT_VERSION = 1;
				GENERATE_INFOPLIST_FILE = YES;
				INFOPLIST_FILE = Resources/Info.plist;
				INFOPLIST_KEY_UIApplicationSupportsIndirectInputEvents = YES;
				INFOPLIST_KEY_UILaunchStoryboardName = LaunchScreen;
				INFOPLIST_KEY_UIMainStoryboardFile = Main;
				INFOPLIST_KEY_UISupportedInterfaceOrientations_iPad = "UIInterfaceOrientationPortrait UIInterfaceOrientationPortraitUpsideDown UIInterfaceOrientationLandscapeLeft UIInterfaceOrientationLandscapeRight";
				INFOPLIST_KEY_UISupportedInterfaceOrientations_iPhone = "UIInterfaceOrientationPortrait UIInterfaceOrientationLandscapeLeft UIInterfaceOrientationLandscapeRight";
				LD_RUNPATH_SEARCH_PATHS = (
					"$(inherited)",
					"@executable_path/Frameworks",
				);
				MARKETING_VERSION = 1.0;
				PRODUCT_BUNDLE_IDENTIFIER = com.test1.UIComponets;
				PRODUCT_NAME = "$(TARGET_NAME)";
				SWIFT_EMIT_LOC_STRINGS = YES;
				SWIFT_VERSION = 5.0;
				TARGETED_DEVICE_FAMILY = "1,2";
			};
			name = Release;
		};
		E532843229F7EA79005F8AF1 /* Debug */ = {
			isa = XCBuildConfiguration;
			buildSettings = {
				ALWAYS_EMBED_SWIFT_STANDARD_LIBRARIES = YES;
				BUNDLE_LOADER = "$(TEST_HOST)";
				CODE_SIGN_STYLE = Automatic;
				CURRENT_PROJECT_VERSION = 1;
				GENERATE_INFOPLIST_FILE = YES;
				IPHONEOS_DEPLOYMENT_TARGET = 16.2;
				MARKETING_VERSION = 1.0;
				PRODUCT_BUNDLE_IDENTIFIER = com.test1.UIComponetsTests;
				PRODUCT_NAME = "$(TARGET_NAME)";
				SWIFT_EMIT_LOC_STRINGS = NO;
				SWIFT_VERSION = 5.0;
				TARGETED_DEVICE_FAMILY = "1,2";
				TEST_HOST = "$(BUILT_PRODUCTS_DIR)/UIComponets.app/$(BUNDLE_EXECUTABLE_FOLDER_PATH)/UIComponets";
			};
			name = Debug;
		};
		E532843329F7EA79005F8AF1 /* Release */ = {
			isa = XCBuildConfiguration;
			buildSettings = {
				ALWAYS_EMBED_SWIFT_STANDARD_LIBRARIES = YES;
				BUNDLE_LOADER = "$(TEST_HOST)";
				CODE_SIGN_STYLE = Automatic;
				CURRENT_PROJECT_VERSION = 1;
				GENERATE_INFOPLIST_FILE = YES;
				IPHONEOS_DEPLOYMENT_TARGET = 16.2;
				MARKETING_VERSION = 1.0;
				PRODUCT_BUNDLE_IDENTIFIER = com.test1.UIComponetsTests;
				PRODUCT_NAME = "$(TARGET_NAME)";
				SWIFT_EMIT_LOC_STRINGS = NO;
				SWIFT_VERSION = 5.0;
				TARGETED_DEVICE_FAMILY = "1,2";
				TEST_HOST = "$(BUILT_PRODUCTS_DIR)/UIComponets.app/$(BUNDLE_EXECUTABLE_FOLDER_PATH)/UIComponets";
			};
			name = Release;
		};
		E532843529F7EA79005F8AF1 /* Debug */ = {
			isa = XCBuildConfiguration;
			buildSettings = {
				ALWAYS_EMBED_SWIFT_STANDARD_LIBRARIES = YES;
				CODE_SIGN_STYLE = Automatic;
				CURRENT_PROJECT_VERSION = 1;
				GENERATE_INFOPLIST_FILE = YES;
				MARKETING_VERSION = 1.0;
				PRODUCT_BUNDLE_IDENTIFIER = com.test1.UIComponetsUITests;
				PRODUCT_NAME = "$(TARGET_NAME)";
				SWIFT_EMIT_LOC_STRINGS = NO;
				SWIFT_VERSION = 5.0;
				TARGETED_DEVICE_FAMILY = "1,2";
				TEST_TARGET_NAME = UIComponets;
			};
			name = Debug;
		};
		E532843629F7EA79005F8AF1 /* Release */ = {
			isa = XCBuildConfiguration;
			buildSettings = {
				ALWAYS_EMBED_SWIFT_STANDARD_LIBRARIES = YES;
				CODE_SIGN_STYLE = Automatic;
				CURRENT_PROJECT_VERSION = 1;
				GENERATE_INFOPLIST_FILE = YES;
				MARKETING_VERSION = 1.0;
				PRODUCT_BUNDLE_IDENTIFIER = com.test1.UIComponetsUITests;
				PRODUCT_NAME = "$(TARGET_NAME)";
				SWIFT_EMIT_LOC_STRINGS = NO;
				SWIFT_VERSION = 5.0;
				TARGETED_DEVICE_FAMILY = "1,2";
				TEST_TARGET_NAME = UIComponets;
			};
			name = Release;
		};
/* End XCBuildConfiguration section */

/* Begin XCConfigurationList section */
		E53283FF29F7EA77005F8AF1 /* Build configuration list for PBXProject "UIComponets" */ = {
			isa = XCConfigurationList;
			buildConfigurations = (
				E532842C29F7EA79005F8AF1 /* Debug */,
				E532842D29F7EA79005F8AF1 /* Release */,
			);
			defaultConfigurationIsVisible = 0;
			defaultConfigurationName = Release;
		};
		E532842E29F7EA79005F8AF1 /* Build configuration list for PBXNativeTarget "UIComponets" */ = {
			isa = XCConfigurationList;
			buildConfigurations = (
				E532842F29F7EA79005F8AF1 /* Debug */,
				E532843029F7EA79005F8AF1 /* Release */,
			);
			defaultConfigurationIsVisible = 0;
			defaultConfigurationName = Release;
		};
		E532843129F7EA79005F8AF1 /* Build configuration list for PBXNativeTarget "UIComponetsTests" */ = {
			isa = XCConfigurationList;
			buildConfigurations = (
				E532843229F7EA79005F8AF1 /* Debug */,
				E532843329F7EA79005F8AF1 /* Release */,
			);
			defaultConfigurationIsVisible = 0;
			defaultConfigurationName = Release;
		};
		E532843429F7EA79005F8AF1 /* Build configuration list for PBXNativeTarget "UIComponetsUITests" */ = {
			isa = XCConfigurationList;
			buildConfigurations = (
				E532843529F7EA79005F8AF1 /* Debug */,
				E532843629F7EA79005F8AF1 /* Release */,
			);
			defaultConfigurationIsVisible = 0;
			defaultConfigurationName = Release;
		};
/* End XCConfigurationList section */
	};
	rootObject = E53283FC29F7EA77005F8AF1 /* Project object */;
}
